{
  "name": "pad-labs",
  "version": "1.0.0",
  "lockfileVersion": 3,
  "requires": true,
  "packages": {
    "": {
      "name": "pad-labs",
      "version": "1.0.0",
      "license": "ISC",
      "dependencies": {
        "@bufbuild/buf": "^1.42.0",
        "prettier": "^3.3.3"
      }
    },
    "node_modules/@bufbuild/buf": {
      "version": "1.42.0",
      "resolved": "https://registry.npmjs.org/@bufbuild/buf/-/buf-1.42.0.tgz",
      "integrity": "sha512-k+Y4Sy9z2O9cOIA7q56WzAGC2xnIvxPfGb3X1+XsbeC0P/c7IW2/aWL324ppER538zCqqMtOwhp0vgljT4mthA==",
      "hasInstallScript": true,
      "bin": {
        "buf": "bin/buf",
        "protoc-gen-buf-breaking": "bin/protoc-gen-buf-breaking",
        "protoc-gen-buf-lint": "bin/protoc-gen-buf-lint"
      },
      "engines": {
        "node": ">=12"
      },
      "optionalDependencies": {
        "@bufbuild/buf-darwin-arm64": "1.42.0",
        "@bufbuild/buf-darwin-x64": "1.42.0",
        "@bufbuild/buf-linux-aarch64": "1.42.0",
        "@bufbuild/buf-linux-x64": "1.42.0",
        "@bufbuild/buf-win32-arm64": "1.42.0",
        "@bufbuild/buf-win32-x64": "1.42.0"
      }
    },
    "node_modules/@bufbuild/buf-darwin-arm64": {
      "version": "1.42.0",
      "resolved": "https://registry.npmjs.org/@bufbuild/buf-darwin-arm64/-/buf-darwin-arm64-1.42.0.tgz",
      "integrity": "sha512-dbHui2HWVXpzpos/MN7msybJZ/E0uu9WeQ2zyer623U/wtgrm8Mt/+6qtycR+qQM5a7aUpyy28GIV5AuB/kyww==",
      "cpu": [
        "arm64"
      ],
      "optional": true,
      "os": [
        "darwin"
      ],
      "engines": {
        "node": ">=12"
      }
    },
    "node_modules/@bufbuild/buf-darwin-x64": {
      "version": "1.42.0",
      "resolved": "https://registry.npmjs.org/@bufbuild/buf-darwin-x64/-/buf-darwin-x64-1.42.0.tgz",
      "integrity": "sha512-qnWjWEWLoC/5meyTvNX7l/px1bJOF8DtnO+HHzlY/bYE1sUl326OXWQbpHyr+R/ftB/A5RYpxkuH9ypi3t+Dag==",
      "cpu": [
        "x64"
      ],
      "optional": true,
      "os": [
        "darwin"
      ],
      "engines": {
        "node": ">=12"
      }
    },
    "node_modules/@bufbuild/buf-linux-aarch64": {
      "version": "1.42.0",
      "resolved": "https://registry.npmjs.org/@bufbuild/buf-linux-aarch64/-/buf-linux-aarch64-1.42.0.tgz",
      "integrity": "sha512-j7135YYRJaCKNF/6p0FhqG+6VlitiL5dTRU836/kqYdAY5jaZo4jEpGZ7KpxOOshFgs0BeR/fwHYUJUX0U4u/Q==",
      "cpu": [
        "arm64"
      ],
      "optional": true,
      "os": [
        "linux"
      ],
      "engines": {
        "node": ">=12"
      }
    },
    "node_modules/@bufbuild/buf-linux-x64": {
      "version": "1.42.0",
      "resolved": "https://registry.npmjs.org/@bufbuild/buf-linux-x64/-/buf-linux-x64-1.42.0.tgz",
      "integrity": "sha512-h7oPu6uczTJQnnXIfHy/K/VgbI+WMziOc+1+WADr6xBqYZpXjeetCuVF/6Qo7Hr1jOdzQPh1gh5A7Z3TJUMZRA==",
      "cpu": [
        "x64"
      ],
      "optional": true,
      "os": [
        "linux"
      ],
      "engines": {
        "node": ">=12"
      }
    },
    "node_modules/@bufbuild/buf-win32-arm64": {
      "version": "1.42.0",
      "resolved": "https://registry.npmjs.org/@bufbuild/buf-win32-arm64/-/buf-win32-arm64-1.42.0.tgz",
      "integrity": "sha512-k4vA66wRECxUkPgqJDsW7jS8QtgAqNDC40vSiHgEq23nyOBFo9DP7FDV2rWAmY6cxhBm318TFTEgGvFeolm+yg==",
      "cpu": [
        "arm64"
      ],
      "optional": true,
      "os": [
        "win32"
      ],
      "engines": {
        "node": ">=12"
      }
    },
    "node_modules/@bufbuild/buf-win32-x64": {
      "version": "1.42.0",
      "resolved": "https://registry.npmjs.org/@bufbuild/buf-win32-x64/-/buf-win32-x64-1.42.0.tgz",
      "integrity": "sha512-fruOTCeO21juCTtwOke/rNVfmau3LMcy5goHfbVgJ2NhMk2HPu1/JA5v8K2N7qOKvta16QcxY00hWFiqs09Qcg==",
      "cpu": [
        "x64"
      ],
      "optional": true,
      "os": [
        "win32"
      ],
      "engines": {
        "node": ">=12"
      }
    },
    "node_modules/prettier": {
      "version": "3.3.3",
      "resolved": "https://registry.npmjs.org/prettier/-/prettier-3.3.3.tgz",
      "integrity": "sha512-i2tDNA0O5IrMO757lfrdQZCc2jPNDVntV0m/+4whiDfWaTKfMNgR7Qz0NAeGz/nRqF4m5/6CLzbP4/liHt12Ew==",
      "bin": {
        "prettier": "bin/prettier.cjs"
      },
      "engines": {
        "node": ">=14"
      },
      "funding": {
        "url": "https://github.com/prettier/prettier?sponsor=1"
      }
    }
  }
}
